
Microsoft Visual Studio Solution File, Format Version 12.00
# Visual Studio Version 16
VisualStudioVersion = 16.0.31129.286
MinimumVisualStudioVersion = 10.0.40219.1
Project("{9A19103F-16F7-4668-BE54-9A1E7A4F7556}") = "CRCAssist", "CRCAssist\CRCAssist.csproj", "{A0F90D45-0C00-450F-8360-87373F90ED86}"
EndProject
Project("{54435603-DBB4-11D2-8724-00A0C9A8B90C}") = "CRCAssistInstaller", "CRCAssistInstaller\CRCAssistInstaller.vdproj", "{7D3F4616-9545-4422-945F-F9A63B543E96}"
EndProject
Global
	GlobalSection(SolutionConfigurationPlatforms) = preSolution
		Debug|Any CPU = Debug|Any CPU
		Release|Any CPU = Release|Any CPU
	EndGlobalSection
	GlobalSection(ProjectConfigurationPlatforms) = postSolution
		{A0F90D45-0C00-450F-8360-87373F90ED86}.Debug|Any CPU.ActiveCfg = Debug|Any CPU
		{A0F90D45-0C00-450F-8360-87373F90ED86}.Debug|Any CPU.Build.0 = Debug|Any CPU
		{A0F90D45-0C00-450F-8360-87373F90ED86}.Release|Any CPU.ActiveCfg = Release|Any CPU
		{A0F90D45-0C00-450F-8360-87373F90ED86}.Release|Any CPU.Build.0 = Release|Any CPU
		{7D3F4616-9545-4422-945F-F9A63B543E96}.Debug|Any CPU.ActiveCfg = Debug
		{7D3F4616-9545-4422-945F-F9A63B543E96}.Release|Any CPU.ActiveCfg = Release
	EndGlobalSection
	GlobalSection(SolutionProperties) = preSolution
		HideSolutionNode = FALSE
	EndGlobalSection
	GlobalSection(ExtensibilityGlobals) = postSolution
		SolutionGuid = {B95B626D-AE58-4019-B790-9594C51AC203}
	EndGlobalSection
EndGlobal
